
Microsoft Visual Studio Solution File, Format Version 12.00
# Visual Studio Version 16
VisualStudioVersion = 16.0.29920.165
MinimumVisualStudioVersion = 10.0.40219.1
Project("{FAE04EC0-301F-11D3-BF4B-00C04F79EFBC}") = "gestione_libreria", "gestione_libreria\gestione_libreria.csproj", "{484A16FC-CD87-4186-B506-93B460E06712}"
EndProject
Global
	GlobalSection(SolutionConfigurationPlatforms) = preSolution
		Debug|Any CPU = Debug|Any CPU
		Release|Any CPU = Release|Any CPU
	EndGlobalSection
	GlobalSection(ProjectConfigurationPlatforms) = postSolution
		{484A16FC-CD87-4186-B506-93B460E06712}.Debug|Any CPU.ActiveCfg = Debug|Any CPU
		{484A16FC-CD87-4186-B506-93B460E06712}.Debug|Any CPU.Build.0 = Debug|Any CPU
		{484A16FC-CD87-4186-B506-93B460E06712}.Release|Any CPU.ActiveCfg = Release|Any CPU
		{484A16FC-CD87-4186-B506-93B460E06712}.Release|Any CPU.Build.0 = Release|Any CPU
	EndGlobalSection
	GlobalSection(SolutionProperties) = preSolution
		HideSolutionNode = FALSE
	EndGlobalSection
	GlobalSection(ExtensibilityGlobals) = postSolution
		SolutionGuid = {3C407F81-EF9D-4DEF-88FF-FE62291EE123}
	EndGlobalSection
EndGlobal
